github.com/shichaoxia/hugo-theme-take-notes v0.1.0 h1:LitZH3VsNKxHGIwAEkNZo4PcpnzUwKMkd9Jql6M2CvQ=
github.com/shichaoxia/hugo-theme-take-notes v0.1.0/go.mod h1:iO9qp/vTvsQvRNFkMZ0W3ZFAEr0aqsI6Q79E9ox1pv0=
github.com/shichaoxia/hugo-theme-take-notes v0.1.1 h1:vNj5cemlOl06fqUaVV6rkWEPKd8hNO2n8zeDPcU0Sfs=
github.com/shichaoxia/hugo-theme-take-notes v0.1.1/go.mod h1:iO9qp/vTvsQvRNFkMZ0W3ZFAEr0aqsI6Q79E9ox1pv0=
